// !$*UTF8*$!
{
	archiveVersion = 1;
	classes = {
	};
	objectVersion = 70;
	objects = {

/* Begin PBXBuildFile section */
		5D029BD42CA3DD5A0090B4D1 /* SwiftUI+Resources.swift in Sources */ = {isa = PBXBuildFile; fileRef = 5D029BD32CA3DD5A0090B4D1 /* SwiftUI+Resources.swift */; };
		5D029BD72CA3DE1D0090B4D1 /* RockTurtleCalendarResources.swift in Sources */ = {isa = PBXBuildFile; fileRef = 5D029BD62CA3DE1D0090B4D1 /* RockTurtleCalendarResources.swift */; };
		5D029BDA2CA3E1750090B4D1 /* SwiftUI+Extension.swift in Sources */ = {isa = PBXBuildFile; fileRef = 5D029BD92CA3E1750090B4D1 /* SwiftUI+Extension.swift */; };
		5D029BDD2CA3F1700090B4D1 /* WindowDelegate.swift in Sources */ = {isa = PBXBuildFile; fileRef = 5D029BDC2CA3F1700090B4D1 /* WindowDelegate.swift */; };
		5D029BE02CA3F2060090B4D1 /* AppDelegate.swift in Sources */ = {isa = PBXBuildFile; fileRef = 5D029BDF2CA3F2060090B4D1 /* AppDelegate.swift */; };
		5D029BEA2CA3F6CA0090B4D1 /* DateUtil.swift in Sources */ = {isa = PBXBuildFile; fileRef = 5D029BE92CA3F6C90090B4D1 /* DateUtil.swift */; };
		5D5E852D2E30B9D700DB8775 /* QWERScheduleItem.swift in Sources */ = {isa = PBXBuildFile; fileRef = 5D5E852C2E30B9D700DB8775 /* QWERScheduleItem.swift */; };
		5D5E855C2E30BAD000DB8775 /* CalendarDayCell.swift in Sources */ = {isa = PBXBuildFile; fileRef = 5D5E855B2E30BAD000DB8775 /* CalendarDayCell.swift */; };
		5D5E85602E30BADF00DB8775 /* CalendarGenerator.swift in Sources */ = {isa = PBXBuildFile; fileRef = 5D5E855F2E30BADF00DB8775 /* CalendarGenerator.swift */; };
		5D5E85712E31EEF200DB8775 /* CalendarViewModel.swift in Sources */ = {isa = PBXBuildFile; fileRef = 5D5E85702E31EEF200DB8775 /* CalendarViewModel.swift */; };
		5D5E85802E31F6CE00DB8775 /* ScheduleService.swift in Sources */ = {isa = PBXBuildFile; fileRef = 5D5E857F2E31F6CE00DB8775 /* ScheduleService.swift */; };
		5D5E862A2E39D6A800DB8775 /* QWERMember.swift in Sources */ = {isa = PBXBuildFile; fileRef = 5D5E86292E39D6A800DB8775 /* QWERMember.swift */; };
		5D68DCF22E39E8B400A69D92 /* FirebaseAnalytics in Frameworks */ = {isa = PBXBuildFile; productRef = 5D68DCF12E39E8B400A69D92 /* FirebaseAnalytics */; };
		5D68DCF42E39E8B400A69D92 /* FirebaseFirestore in Frameworks */ = {isa = PBXBuildFile; productRef = 5D68DCF32E39E8B400A69D92 /* FirebaseFirestore */; };
		5D68DCFE2E39EF5C00A69D92 /* QWERScheduleViewModel.swift in Sources */ = {isa = PBXBuildFile; fileRef = 5D68DCFD2E39EF5C00A69D92 /* QWERScheduleViewModel.swift */; };
		5D6B4AC02D76BD2800D90C0D /* CalendarView.swift in Sources */ = {isa = PBXBuildFile; fileRef = 5D6B4ABF2D76BD2800D90C0D /* CalendarView.swift */; };
		5D7FB74C2E78010900BE9B18 /* YouTubeChannelDTO.swift in Sources */ = {isa = PBXBuildFile; fileRef = 5D7FB74B2E78010900BE9B18 /* YouTubeChannelDTO.swift */; };
		5D7FC9BC2E5ED6FB00B5EDCA /* Alamofire in Frameworks */ = {isa = PBXBuildFile; productRef = 5D7FC9BB2E5ED6FB00B5EDCA /* Alamofire */; };
		5D7FC9C02E5ED7A500B5EDCA /* Bundle+Extension.swift in Sources */ = {isa = PBXBuildFile; fileRef = 5D7FC9BF2E5ED7A500B5EDCA /* Bundle+Extension.swift */; };
		5D8B120C2E86510D0014649C /* ScheduleEditView.swift in Sources */ = {isa = PBXBuildFile; fileRef = 5D8B120B2E86510D0014649C /* ScheduleEditView.swift */; };
		5D8B121D2E8658800014649C /* UserScheduleItem.swift in Sources */ = {isa = PBXBuildFile; fileRef = 5D8B121C2E8658800014649C /* UserScheduleItem.swift */; };
		5D8B121E2E8658800014649C /* UserScheduleItem.swift in Sources */ = {isa = PBXBuildFile; fileRef = 5D8B121C2E8658800014649C /* UserScheduleItem.swift */; };
		5DDE85F22E7BF02D00643DB5 /* RswiftLibrary in Frameworks */ = {isa = PBXBuildFile; productRef = 5DDE85F12E7BF02D00643DB5 /* RswiftLibrary */; };
		5DE024352CA3D79E00472395 /* RockCrabCalendarApp.swift in Sources */ = {isa = PBXBuildFile; fileRef = 5DE024342CA3D79E00472395 /* RockCrabCalendarApp.swift */; };
		5DE024392CA3D7A000472395 /* Assets.xcassets in Resources */ = {isa = PBXBuildFile; fileRef = 5DE024382CA3D7A000472395 /* Assets.xcassets */; };
		5DE0243D2CA3D7A000472395 /* Preview Assets.xcassets in Resources */ = {isa = PBXBuildFile; fileRef = 5DE0243C2CA3D7A000472395 /* Preview Assets.xcassets */; };
		5DE024592CA3DC2500472395 /* Lato-Italic.ttf in Resources */ = {isa = PBXBuildFile; fileRef = 5DE024472CA3DC2500472395 /* Lato-Italic.ttf */; };
		5DE0245A2CA3DC2500472395 /* Lato-LightItalic.ttf in Resources */ = {isa = PBXBuildFile; fileRef = 5DE024482CA3DC2500472395 /* Lato-LightItalic.ttf */; };
		5DE0245B2CA3DC2500472395 /* Lato-Thin.ttf in Resources */ = {isa = PBXBuildFile; fileRef = 5DE024492CA3DC2500472395 /* Lato-Thin.ttf */; };
		5DE0245C2CA3DC2500472395 /* Lato-Bold.ttf in Resources */ = {isa = PBXBuildFile; fileRef = 5DE0244A2CA3DC2500472395 /* Lato-Bold.ttf */; };
		5DE0245D2CA3DC2500472395 /* Lato-Black.ttf in Resources */ = {isa = PBXBuildFile; fileRef = 5DE0244B2CA3DC2500472395 /* Lato-Black.ttf */; };
		5DE0245E2CA3DC2500472395 /* Pretendard-Regular.otf in Resources */ = {isa = PBXBuildFile; fileRef = 5DE0244C2CA3DC2500472395 /* Pretendard-Regular.otf */; };
		5DE0245F2CA3DC2500472395 /* NotoSans-Bold.otf in Resources */ = {isa = PBXBuildFile; fileRef = 5DE0244D2CA3DC2500472395 /* NotoSans-Bold.otf */; };
		5DE024602CA3DC2500472395 /* NotoSansCJKkr-Medium.otf in Resources */ = {isa = PBXBuildFile; fileRef = 5DE0244E2CA3DC2500472395 /* NotoSansCJKkr-Medium.otf */; };
		5DE024612CA3DC2500472395 /* Lato-Regular.ttf in Resources */ = {isa = PBXBuildFile; fileRef = 5DE0244F2CA3DC2500472395 /* Lato-Regular.ttf */; };
		5DE024622CA3DC2500472395 /* Lato-BlackItalic.ttf in Resources */ = {isa = PBXBuildFile; fileRef = 5DE024502CA3DC2500472395 /* Lato-BlackItalic.ttf */; };
		5DE024632CA3DC2500472395 /* Pretendard-Medium.otf in Resources */ = {isa = PBXBuildFile; fileRef = 5DE024512CA3DC2500472395 /* Pretendard-Medium.otf */; };
		5DE024642CA3DC2500472395 /* Lato-BoldItalic.ttf in Resources */ = {isa = PBXBuildFile; fileRef = 5DE024522CA3DC2500472395 /* Lato-BoldItalic.ttf */; };
		5DE024652CA3DC2500472395 /* Pretendard-Bold.otf in Resources */ = {isa = PBXBuildFile; fileRef = 5DE024532CA3DC2500472395 /* Pretendard-Bold.otf */; };
		5DE024662CA3DC2500472395 /* Lato-Light.ttf in Resources */ = {isa = PBXBuildFile; fileRef = 5DE024542CA3DC2500472395 /* Lato-Light.ttf */; };
		5DE024672CA3DC2500472395 /* Lato-ThinItalic.ttf in Resources */ = {isa = PBXBuildFile; fileRef = 5DE024552CA3DC2500472395 /* Lato-ThinItalic.ttf */; };
		5DE024682CA3DC2500472395 /* NotoSansCJKkr-Regular.otf in Resources */ = {isa = PBXBuildFile; fileRef = 5DE024562CA3DC2500472395 /* NotoSansCJKkr-Regular.otf */; };
		5DE024692CA3DC2500472395 /* NotoSansCJKkr-Bold.otf in Resources */ = {isa = PBXBuildFile; fileRef = 5DE024572CA3DC2500472395 /* NotoSansCJKkr-Bold.otf */; };
		5DE0246A2CA3DC2500472395 /* Pretendard-SemiBold.otf in Resources */ = {isa = PBXBuildFile; fileRef = 5DE024582CA3DC2500472395 /* Pretendard-SemiBold.otf */; };
		5DE211502E65662400E465E8 /* HTTPRequestProtocol.swift in Sources */ = {isa = PBXBuildFile; fileRef = 5DE2114F2E65662400E465E8 /* HTTPRequestProtocol.swift */; };
		5DE211532E65666B00E465E8 /* ServerConfig.swift in Sources */ = {isa = PBXBuildFile; fileRef = 5DE211522E65666B00E465E8 /* ServerConfig.swift */; };
		5DE2115D2E657F0200E465E8 /* HTTPClient.swift in Sources */ = {isa = PBXBuildFile; fileRef = 5DE2115C2E657F0200E465E8 /* HTTPClient.swift */; };
		5DE211602E65809600E465E8 /* WindowAlertHostingView.swift in Sources */ = {isa = PBXBuildFile; fileRef = 5DE2115F2E65809600E465E8 /* WindowAlertHostingView.swift */; };
		5DE211632E6583F100E465E8 /* WindowOverlayView.swift in Sources */ = {isa = PBXBuildFile; fileRef = 5DE211622E6583F100E465E8 /* WindowOverlayView.swift */; };
		5DE2117A2E697C7C00E465E8 /* LoadingIndicatorView.swift in Sources */ = {isa = PBXBuildFile; fileRef = 5DE211792E697C7C00E465E8 /* LoadingIndicatorView.swift */; };
		5DE211872E698AE200E465E8 /* HTTPRequestList.swift in Sources */ = {isa = PBXBuildFile; fileRef = 5DE211862E698AE200E465E8 /* HTTPRequestList.swift */; };
		5DE211E72E6FB27500E465E8 /* YouTubeSearchListDTO.swift in Sources */ = {isa = PBXBuildFile; fileRef = 5DE211E62E6FB27400E465E8 /* YouTubeSearchListDTO.swift */; };
		5DE211EA2E6FBA7800E465E8 /* JSONDecoder+YouTube.swift in Sources */ = {isa = PBXBuildFile; fileRef = 5DE211E92E6FBA7800E465E8 /* JSONDecoder+YouTube.swift */; };
		5DE211EF2E6FBB8800E465E8 /* YouTubeVideo.swift in Sources */ = {isa = PBXBuildFile; fileRef = 5DE211EE2E6FBB8800E465E8 /* YouTubeVideo.swift */; };
		5DE211F42E6FBBC700E465E8 /* YouTubeSearchMapper.swift in Sources */ = {isa = PBXBuildFile; fileRef = 5DE211F32E6FBBC700E465E8 /* YouTubeSearchMapper.swift */; };
		5DE2125F2E6FC8A700E465E8 /* YouTubeListView.swift in Sources */ = {isa = PBXBuildFile; fileRef = 5DE2125E2E6FC8A700E465E8 /* YouTubeListView.swift */; };
		5DE212642E6FCAB300E465E8 /* YouTubeListViewModel.swift in Sources */ = {isa = PBXBuildFile; fileRef = 5DE212632E6FCAB300E465E8 /* YouTubeListViewModel.swift */; };
		5DF727BE2E83C4230046EC72 /* CategoryFilterSheet.swift in Sources */ = {isa = PBXBuildFile; fileRef = 5DF727BD2E83C4230046EC72 /* CategoryFilterSheet.swift */; };
		62FF6C832E3DD90B0060012F /* GoogleService-Info.plist in Resources */ = {isa = PBXBuildFile; fileRef = 62FF6C822E3DD90B0060012F /* GoogleService-Info.plist */; };
/* End PBXBuildFile section */

/* Begin PBXContainerItemProxy section */
		5DE2121A2E6FC0F400E465E8 /* PBXContainerItemProxy */ = {
			isa = PBXContainerItemProxy;
			containerPortal = 5DE024292CA3D79E00472395 /* Project object */;
			proxyType = 1;
			remoteGlobalIDString = 5DE024302CA3D79E00472395;
			remoteInfo = RockCrabCalendar;
		};
		5DE212282E6FC10B00E465E8 /* PBXContainerItemProxy */ = {
			isa = PBXContainerItemProxy;
			containerPortal = 5DE024292CA3D79E00472395 /* Project object */;
			proxyType = 1;
			remoteGlobalIDString = 5DE024302CA3D79E00472395;
			remoteInfo = RockCrabCalendar;
		};
/* End PBXContainerItemProxy section */

/* Begin PBXFileReference section */
		5D029BD32CA3DD5A0090B4D1 /* SwiftUI+Resources.swift */ = {isa = PBXFileReference; lastKnownFileType = sourcecode.swift; path = "SwiftUI+Resources.swift"; sourceTree = "<group>"; };
		5D029BD62CA3DE1D0090B4D1 /* RockTurtleCalendarResources.swift */ = {isa = PBXFileReference; lastKnownFileType = sourcecode.swift; path = RockTurtleCalendarResources.swift; sourceTree = "<group>"; };
		5D029BD92CA3E1750090B4D1 /* SwiftUI+Extension.swift */ = {isa = PBXFileReference; lastKnownFileType = sourcecode.swift; path = "SwiftUI+Extension.swift"; sourceTree = "<group>"; };
		5D029BDC2CA3F1700090B4D1 /* WindowDelegate.swift */ = {isa = PBXFileReference; lastKnownFileType = sourcecode.swift; path = WindowDelegate.swift; sourceTree = "<group>"; };
		5D029BDF2CA3F2060090B4D1 /* AppDelegate.swift */ = {isa = PBXFileReference; lastKnownFileType = sourcecode.swift; path = AppDelegate.swift; sourceTree = "<group>"; };
		5D029BE92CA3F6C90090B4D1 /* DateUtil.swift */ = {isa = PBXFileReference; lastKnownFileType = sourcecode.swift; path = DateUtil.swift; sourceTree = "<group>"; };
		5D5E852C2E30B9D700DB8775 /* QWERScheduleItem.swift */ = {isa = PBXFileReference; lastKnownFileType = sourcecode.swift; path = QWERScheduleItem.swift; sourceTree = "<group>"; };
		5D5E855B2E30BAD000DB8775 /* CalendarDayCell.swift */ = {isa = PBXFileReference; lastKnownFileType = sourcecode.swift; path = CalendarDayCell.swift; sourceTree = "<group>"; };
		5D5E855F2E30BADF00DB8775 /* CalendarGenerator.swift */ = {isa = PBXFileReference; lastKnownFileType = sourcecode.swift; path = CalendarGenerator.swift; sourceTree = "<group>"; };
		5D5E85702E31EEF200DB8775 /* CalendarViewModel.swift */ = {isa = PBXFileReference; lastKnownFileType = sourcecode.swift; path = CalendarViewModel.swift; sourceTree = "<group>"; };
		5D5E857F2E31F6CE00DB8775 /* ScheduleService.swift */ = {isa = PBXFileReference; lastKnownFileType = sourcecode.swift; path = ScheduleService.swift; sourceTree = "<group>"; };
		5D5E86292E39D6A800DB8775 /* QWERMember.swift */ = {isa = PBXFileReference; lastKnownFileType = sourcecode.swift; path = QWERMember.swift; sourceTree = "<group>"; };
		5D68DCFD2E39EF5C00A69D92 /* QWERScheduleViewModel.swift */ = {isa = PBXFileReference; lastKnownFileType = sourcecode.swift; path = QWERScheduleViewModel.swift; sourceTree = "<group>"; };
		5D6B4ABF2D76BD2800D90C0D /* CalendarView.swift */ = {isa = PBXFileReference; lastKnownFileType = sourcecode.swift; path = CalendarView.swift; sourceTree = "<group>"; };
		5D7FB74B2E78010900BE9B18 /* YouTubeChannelDTO.swift */ = {isa = PBXFileReference; lastKnownFileType = sourcecode.swift; path = YouTubeChannelDTO.swift; sourceTree = "<group>"; };
		5D7FC95A2E555DB600B5EDCA /* Info.plist */ = {isa = PBXFileReference; lastKnownFileType = text.plist; path = Info.plist; sourceTree = "<group>"; };
		5D7FC9BF2E5ED7A500B5EDCA /* Bundle+Extension.swift */ = {isa = PBXFileReference; lastKnownFileType = sourcecode.swift; path = "Bundle+Extension.swift"; sourceTree = "<group>"; };
		5D7FC9E02E5EE56D00B5EDCA /* Secrets.xcconfig */ = {isa = PBXFileReference; lastKnownFileType = text.xcconfig; path = Secrets.xcconfig; sourceTree = "<group>"; };
		5D8B120B2E86510D0014649C /* ScheduleEditView.swift */ = {isa = PBXFileReference; lastKnownFileType = sourcecode.swift; path = ScheduleEditView.swift; sourceTree = "<group>"; };
		5D8B121C2E8658800014649C /* UserScheduleItem.swift */ = {isa = PBXFileReference; lastKnownFileType = sourcecode.swift; path = UserScheduleItem.swift; sourceTree = "<group>"; };
		5DE024312CA3D79E00472395 /* RockCrabCalendar.app */ = {isa = PBXFileReference; explicitFileType = wrapper.application; includeInIndex = 0; path = RockCrabCalendar.app; sourceTree = BUILT_PRODUCTS_DIR; };
		5DE024342CA3D79E00472395 /* RockCrabCalendarApp.swift */ = {isa = PBXFileReference; lastKnownFileType = sourcecode.swift; path = RockCrabCalendarApp.swift; sourceTree = "<group>"; };
		5DE024382CA3D7A000472395 /* Assets.xcassets */ = {isa = PBXFileReference; lastKnownFileType = folder.assetcatalog; path = Assets.xcassets; sourceTree = "<group>"; };
		5DE0243A2CA3D7A000472395 /* RockTurtleCalendar.entitlements */ = {isa = PBXFileReference; lastKnownFileType = text.plist.entitlements; path = RockTurtleCalendar.entitlements; sourceTree = "<group>"; };
		5DE0243C2CA3D7A000472395 /* Preview Assets.xcassets */ = {isa = PBXFileReference; lastKnownFileType = folder.assetcatalog; path = "Preview Assets.xcassets"; sourceTree = "<group>"; };
		5DE024472CA3DC2500472395 /* Lato-Italic.ttf */ = {isa = PBXFileReference; lastKnownFileType = file; path = "Lato-Italic.ttf"; sourceTree = "<group>"; };
		5DE024482CA3DC2500472395 /* Lato-LightItalic.ttf */ = {isa = PBXFileReference; lastKnownFileType = file; path = "Lato-LightItalic.ttf"; sourceTree = "<group>"; };
		5DE024492CA3DC2500472395 /* Lato-Thin.ttf */ = {isa = PBXFileReference; lastKnownFileType = file; path = "Lato-Thin.ttf"; sourceTree = "<group>"; };
		5DE0244A2CA3DC2500472395 /* Lato-Bold.ttf */ = {isa = PBXFileReference; lastKnownFileType = file; path = "Lato-Bold.ttf"; sourceTree = "<group>"; };
		5DE0244B2CA3DC2500472395 /* Lato-Black.ttf */ = {isa = PBXFileReference; lastKnownFileType = file; path = "Lato-Black.ttf"; sourceTree = "<group>"; };
		5DE0244C2CA3DC2500472395 /* Pretendard-Regular.otf */ = {isa = PBXFileReference; lastKnownFileType = file; path = "Pretendard-Regular.otf"; sourceTree = "<group>"; };
		5DE0244D2CA3DC2500472395 /* NotoSans-Bold.otf */ = {isa = PBXFileReference; lastKnownFileType = file; path = "NotoSans-Bold.otf"; sourceTree = "<group>"; };
		5DE0244E2CA3DC2500472395 /* NotoSansCJKkr-Medium.otf */ = {isa = PBXFileReference; lastKnownFileType = file; path = "NotoSansCJKkr-Medium.otf"; sourceTree = "<group>"; };
		5DE0244F2CA3DC2500472395 /* Lato-Regular.ttf */ = {isa = PBXFileReference; lastKnownFileType = file; path = "Lato-Regular.ttf"; sourceTree = "<group>"; };
		5DE024502CA3DC2500472395 /* Lato-BlackItalic.ttf */ = {isa = PBXFileReference; lastKnownFileType = file; path = "Lato-BlackItalic.ttf"; sourceTree = "<group>"; };
		5DE024512CA3DC2500472395 /* Pretendard-Medium.otf */ = {isa = PBXFileReference; lastKnownFileType = file; path = "Pretendard-Medium.otf"; sourceTree = "<group>"; };
		5DE024522CA3DC2500472395 /* Lato-BoldItalic.ttf */ = {isa = PBXFileReference; lastKnownFileType = file; path = "Lato-BoldItalic.ttf"; sourceTree = "<group>"; };
		5DE024532CA3DC2500472395 /* Pretendard-Bold.otf */ = {isa = PBXFileReference; lastKnownFileType = file; path = "Pretendard-Bold.otf"; sourceTree = "<group>"; };
		5DE024542CA3DC2500472395 /* Lato-Light.ttf */ = {isa = PBXFileReference; lastKnownFileType = file; path = "Lato-Light.ttf"; sourceTree = "<group>"; };
		5DE024552CA3DC2500472395 /* Lato-ThinItalic.ttf */ = {isa = PBXFileReference; lastKnownFileType = file; path = "Lato-ThinItalic.ttf"; sourceTree = "<group>"; };
		5DE024562CA3DC2500472395 /* NotoSansCJKkr-Regular.otf */ = {isa = PBXFileReference; lastKnownFileType = file; path = "NotoSansCJKkr-Regular.otf"; sourceTree = "<group>"; };
		5DE024572CA3DC2500472395 /* NotoSansCJKkr-Bold.otf */ = {isa = PBXFileReference; lastKnownFileType = file; path = "NotoSansCJKkr-Bold.otf"; sourceTree = "<group>"; };
		5DE024582CA3DC2500472395 /* Pretendard-SemiBold.otf */ = {isa = PBXFileReference; lastKnownFileType = file; path = "Pretendard-SemiBold.otf"; sourceTree = "<group>"; };
		5DE2114F2E65662400E465E8 /* HTTPRequestProtocol.swift */ = {isa = PBXFileReference; lastKnownFileType = sourcecode.swift; path = HTTPRequestProtocol.swift; sourceTree = "<group>"; };
		5DE211522E65666B00E465E8 /* ServerConfig.swift */ = {isa = PBXFileReference; lastKnownFileType = sourcecode.swift; path = ServerConfig.swift; sourceTree = "<group>"; };
		5DE2115C2E657F0200E465E8 /* HTTPClient.swift */ = {isa = PBXFileReference; lastKnownFileType = sourcecode.swift; path = HTTPClient.swift; sourceTree = "<group>"; };
		5DE2115F2E65809600E465E8 /* WindowAlertHostingView.swift */ = {isa = PBXFileReference; lastKnownFileType = sourcecode.swift; path = WindowAlertHostingView.swift; sourceTree = "<group>"; };
		5DE211622E6583F100E465E8 /* WindowOverlayView.swift */ = {isa = PBXFileReference; lastKnownFileType = sourcecode.swift; path = WindowOverlayView.swift; sourceTree = "<group>"; };
		5DE211792E697C7C00E465E8 /* LoadingIndicatorView.swift */ = {isa = PBXFileReference; lastKnownFileType = sourcecode.swift; path = LoadingIndicatorView.swift; sourceTree = "<group>"; };
		5DE211862E698AE200E465E8 /* HTTPRequestList.swift */ = {isa = PBXFileReference; lastKnownFileType = sourcecode.swift; path = HTTPRequestList.swift; sourceTree = "<group>"; };
		5DE211E62E6FB27400E465E8 /* YouTubeSearchListDTO.swift */ = {isa = PBXFileReference; lastKnownFileType = sourcecode.swift; path = YouTubeSearchListDTO.swift; sourceTree = "<group>"; };
		5DE211E92E6FBA7800E465E8 /* JSONDecoder+YouTube.swift */ = {isa = PBXFileReference; lastKnownFileType = sourcecode.swift; path = "JSONDecoder+YouTube.swift"; sourceTree = "<group>"; };
		5DE211EE2E6FBB8800E465E8 /* YouTubeVideo.swift */ = {isa = PBXFileReference; lastKnownFileType = sourcecode.swift; path = YouTubeVideo.swift; sourceTree = "<group>"; };
		5DE211F32E6FBBC700E465E8 /* YouTubeSearchMapper.swift */ = {isa = PBXFileReference; lastKnownFileType = sourcecode.swift; path = YouTubeSearchMapper.swift; sourceTree = "<group>"; };
		5DE212142E6FC0F400E465E8 /* RockCrabCalendarUITests.xctest */ = {isa = PBXFileReference; explicitFileType = wrapper.cfbundle; includeInIndex = 0; path = RockCrabCalendarUITests.xctest; sourceTree = BUILT_PRODUCTS_DIR; };
		5DE212242E6FC10B00E465E8 /* RockCrabCalendarUnitTests.xctest */ = {isa = PBXFileReference; explicitFileType = wrapper.cfbundle; includeInIndex = 0; path = RockCrabCalendarUnitTests.xctest; sourceTree = BUILT_PRODUCTS_DIR; };
		5DE2125E2E6FC8A700E465E8 /* YouTubeListView.swift */ = {isa = PBXFileReference; lastKnownFileType = sourcecode.swift; path = YouTubeListView.swift; sourceTree = "<group>"; };
		5DE212632E6FCAB300E465E8 /* YouTubeListViewModel.swift */ = {isa = PBXFileReference; lastKnownFileType = sourcecode.swift; path = YouTubeListViewModel.swift; sourceTree = "<group>"; };
		5DF727BD2E83C4230046EC72 /* CategoryFilterSheet.swift */ = {isa = PBXFileReference; lastKnownFileType = sourcecode.swift; path = CategoryFilterSheet.swift; sourceTree = "<group>"; };
		62FF6C822E3DD90B0060012F /* GoogleService-Info.plist */ = {isa = PBXFileReference; lastKnownFileType = text.plist.xml; path = "GoogleService-Info.plist"; sourceTree = "<group>"; };
/* End PBXFileReference section */

/* Begin PBXFileSystemSynchronizedBuildFileExceptionSet section */
		5DE212442E6FC1A600E465E8 /* PBXFileSystemSynchronizedBuildFileExceptionSet */ = {
			isa = PBXFileSystemSynchronizedBuildFileExceptionSet;
			membershipExceptions = (
				RockCrabCalendarUITests.swift,
				RockCrabCalendarUITestsLaunchTests.swift,
			);
			target = 5DE212232E6FC10B00E465E8 /* RockCrabCalendarUnitTests */;
		};
		5DE212452E6FC1A600E465E8 /* PBXFileSystemSynchronizedBuildFileExceptionSet */ = {
			isa = PBXFileSystemSynchronizedBuildFileExceptionSet;
			membershipExceptions = (
				RockCrabCalendarUITests.swift,
				RockCrabCalendarUITestsLaunchTests.swift,
			);
			target = 5DE212132E6FC0F400E465E8 /* RockCrabCalendarUITests */;
		};
/* End PBXFileSystemSynchronizedBuildFileExceptionSet section */

/* Begin PBXFileSystemSynchronizedRootGroup section */
		5DE212252E6FC10B00E465E8 /* RockCrabCalendarUnitTests */ = {isa = PBXFileSystemSynchronizedRootGroup; explicitFileTypes = {}; explicitFolders = (); path = RockCrabCalendarUnitTests; sourceTree = "<group>"; };
		5DE212412E6FC1A600E465E8 /* RockCrabCalendarUITests */ = {isa = PBXFileSystemSynchronizedRootGroup; exceptions = (5DE212442E6FC1A600E465E8 /* PBXFileSystemSynchronizedBuildFileExceptionSet */, 5DE212452E6FC1A600E465E8 /* PBXFileSystemSynchronizedBuildFileExceptionSet */, ); explicitFileTypes = {}; explicitFolders = (); path = RockCrabCalendarUITests; sourceTree = "<group>"; };
/* End PBXFileSystemSynchronizedRootGroup section */

/* Begin PBXFrameworksBuildPhase section */
		5DE0242E2CA3D79E00472395 /* Frameworks */ = {
			isa = PBXFrameworksBuildPhase;
			buildActionMask = 2147483647;
			files = (
				5DDE85F22E7BF02D00643DB5 /* RswiftLibrary in Frameworks */,
				5D7FC9BC2E5ED6FB00B5EDCA /* Alamofire in Frameworks */,
				5D68DCF42E39E8B400A69D92 /* FirebaseFirestore in Frameworks */,
				5D68DCF22E39E8B400A69D92 /* FirebaseAnalytics in Frameworks */,
			);
			runOnlyForDeploymentPostprocessing = 0;
		};
		5DE212112E6FC0F400E465E8 /* Frameworks */ = {
			isa = PBXFrameworksBuildPhase;
			buildActionMask = 2147483647;
			files = (
			);
			runOnlyForDeploymentPostprocessing = 0;
		};
		5DE212212E6FC10B00E465E8 /* Frameworks */ = {
			isa = PBXFrameworksBuildPhase;
			buildActionMask = 2147483647;
			files = (
			);
			runOnlyForDeploymentPostprocessing = 0;
		};
/* End PBXFrameworksBuildPhase section */

/* Begin PBXGroup section */
		5D029BD82CA3E1670090B4D1 /* Extensions */ = {
			isa = PBXGroup;
			children = (
				5D029BD92CA3E1750090B4D1 /* SwiftUI+Extension.swift */,
				5D7FC9BF2E5ED7A500B5EDCA /* Bundle+Extension.swift */,
				5DE211E92E6FBA7800E465E8 /* JSONDecoder+YouTube.swift */,
			);
			name = Extensions;
			sourceTree = "<group>";
		};
		5D5E85302E30B9F800DB8775 /* Core */ = {
			isa = PBXGroup;
			children = (
				5DE211192E655BF900E465E8 /* Network */,
				5D5E857E2E31F6C200DB8775 /* Service */,
				5D6B4A972D7045F600D90C0D /* Model */,
			);
			path = Core;
			sourceTree = "<group>";
		};
		5D5E853C2E30BA1100DB8775 /* Utils */ = {
			isa = PBXGroup;
			children = (
				5D029BE92CA3F6C90090B4D1 /* DateUtil.swift */,
				5D5E855F2E30BADF00DB8775 /* CalendarGenerator.swift */,
				5D029BD82CA3E1670090B4D1 /* Extensions */,
			);
			path = Utils;
			sourceTree = "<group>";
		};
		5D5E854B2E30BA3B00DB8775 /* Features */ = {
			isa = PBXGroup;
			children = (
				5D5E854C2E30BA4700DB8775 /* Calendar */,
				5D5E854E2E30BA5300DB8775 /* Schedule */,
				5DE2125C2E6FC89500E465E8 /* YouTube */,
				5DE211ED2E6FBB8000E465E8 /* Model */,
			);
			path = Features;
			sourceTree = "<group>";
		};
		5D5E854C2E30BA4700DB8775 /* Calendar */ = {
			isa = PBXGroup;
			children = (
				5D6B4ABF2D76BD2800D90C0D /* CalendarView.swift */,
				5D5E85702E31EEF200DB8775 /* CalendarViewModel.swift */,
				5D5E85822E31F6D800DB8775 /* Component */,
			);
			path = Calendar;
			sourceTree = "<group>";
		};
		5D5E854E2E30BA5300DB8775 /* Schedule */ = {
			isa = PBXGroup;
			children = (
				5D68DCFD2E39EF5C00A69D92 /* QWERScheduleViewModel.swift */,
				5D8B120B2E86510D0014649C /* ScheduleEditView.swift */,
			);
			path = Schedule;
			sourceTree = "<group>";
		};
		5D5E857E2E31F6C200DB8775 /* Service */ = {
			isa = PBXGroup;
			children = (
				5D5E857F2E31F6CE00DB8775 /* ScheduleService.swift */,
			);
			path = Service;
			sourceTree = "<group>";
		};
		5D5E85822E31F6D800DB8775 /* Component */ = {
			isa = PBXGroup;
			children = (
				5D5E855B2E30BAD000DB8775 /* CalendarDayCell.swift */,
				5DF727BD2E83C4230046EC72 /* CategoryFilterSheet.swift */,
			);
			path = Component;
			sourceTree = "<group>";
		};
		5D6B4A972D7045F600D90C0D /* Model */ = {
			isa = PBXGroup;
			children = (
				5DE211E52E6FB26A00E465E8 /* DTO */,
				5D5E852C2E30B9D700DB8775 /* QWERScheduleItem.swift */,
				5D5E86292E39D6A800DB8775 /* QWERMember.swift */,
				5D8B121C2E8658800014649C /* UserScheduleItem.swift */,
			);
			path = Model;
			sourceTree = "<group>";
		};
		5D7FC9CC2E5EDA6100B5EDCA /* Config */ = {
			isa = PBXGroup;
			children = (
				5D7FC9E02E5EE56D00B5EDCA /* Secrets.xcconfig */,
			);
			path = Config;
			sourceTree = "<group>";
		};
		5DDE85EB2E7BEF7400643DB5 /* Frameworks */ = {
			isa = PBXGroup;
			children = (
			);
			name = Frameworks;
			sourceTree = "<group>";
		};
		5DE024282CA3D79E00472395 = {
			isa = PBXGroup;
			children = (
				5DE024332CA3D79E00472395 /* RockCrabCalendar */,
				5DE212252E6FC10B00E465E8 /* RockCrabCalendarUnitTests */,
				5DE212412E6FC1A600E465E8 /* RockCrabCalendarUITests */,
				5DDE85EB2E7BEF7400643DB5 /* Frameworks */,
				5DE024322CA3D79E00472395 /* Products */,
			);
			sourceTree = "<group>";
		};
		5DE024322CA3D79E00472395 /* Products */ = {
			isa = PBXGroup;
			children = (
				5DE024312CA3D79E00472395 /* RockCrabCalendar.app */,
				5DE212142E6FC0F400E465E8 /* RockCrabCalendarUITests.xctest */,
				5DE212242E6FC10B00E465E8 /* RockCrabCalendarUnitTests.xctest */,
			);
			name = Products;
			sourceTree = "<group>";
		};
		5DE024332CA3D79E00472395 /* RockCrabCalendar */ = {
			isa = PBXGroup;
			children = (
				5D7FC9CC2E5EDA6100B5EDCA /* Config */,
				5D7FC95A2E555DB600B5EDCA /* Info.plist */,
				5DE024432CA3DA4600472395 /* App */,
				5D5E854B2E30BA3B00DB8775 /* Features */,
				5D5E85302E30B9F800DB8775 /* Core */,
				5D5E853C2E30BA1100DB8775 /* Utils */,
				5DE024442CA3DA5900472395 /* Resources */,
				62FF6C822E3DD90B0060012F /* GoogleService-Info.plist */,
			);
			path = RockCrabCalendar;
			sourceTree = "<group>";
		};
		5DE0243B2CA3D7A000472395 /* Preview Content */ = {
			isa = PBXGroup;
			children = (
				5DE0243C2CA3D7A000472395 /* Preview Assets.xcassets */,
			);
			path = "Preview Content";
			sourceTree = "<group>";
		};
		5DE024432CA3DA4600472395 /* App */ = {
			isa = PBXGroup;
			children = (
				5DE211752E697C6E00E465E8 /* Alert */,
				5DE211722E697C5500E465E8 /* Indicator */,
				5DE024342CA3D79E00472395 /* RockCrabCalendarApp.swift */,
				5D029BDC2CA3F1700090B4D1 /* WindowDelegate.swift */,
				5D029BDF2CA3F2060090B4D1 /* AppDelegate.swift */,
				5DE211522E65666B00E465E8 /* ServerConfig.swift */,
			);
			path = App;
			sourceTree = "<group>";
		};
		5DE024442CA3DA5900472395 /* Resources */ = {
			isa = PBXGroup;
			children = (
				5DE024462CA3DC2500472395 /* Font */,
				5DE024382CA3D7A000472395 /* Assets.xcassets */,
				5D029BD32CA3DD5A0090B4D1 /* SwiftUI+Resources.swift */,
				5D029BD62CA3DE1D0090B4D1 /* RockTurtleCalendarResources.swift */,
				5DE0243B2CA3D7A000472395 /* Preview Content */,
				5DE0243A2CA3D7A000472395 /* RockTurtleCalendar.entitlements */,
			);
			name = Resources;
			sourceTree = "<group>";
		};
		5DE024462CA3DC2500472395 /* Font */ = {
			isa = PBXGroup;
			children = (
				5DE024472CA3DC2500472395 /* Lato-Italic.ttf */,
				5DE024482CA3DC2500472395 /* Lato-LightItalic.ttf */,
				5DE024492CA3DC2500472395 /* Lato-Thin.ttf */,
				5DE0244A2CA3DC2500472395 /* Lato-Bold.ttf */,
				5DE0244B2CA3DC2500472395 /* Lato-Black.ttf */,
				5DE0244C2CA3DC2500472395 /* Pretendard-Regular.otf */,
				5DE0244D2CA3DC2500472395 /* NotoSans-Bold.otf */,
				5DE0244E2CA3DC2500472395 /* NotoSansCJKkr-Medium.otf */,
				5DE0244F2CA3DC2500472395 /* Lato-Regular.ttf */,
				5DE024502CA3DC2500472395 /* Lato-BlackItalic.ttf */,
				5DE024512CA3DC2500472395 /* Pretendard-Medium.otf */,
				5DE024522CA3DC2500472395 /* Lato-BoldItalic.ttf */,
				5DE024532CA3DC2500472395 /* Pretendard-Bold.otf */,
				5DE024542CA3DC2500472395 /* Lato-Light.ttf */,
				5DE024552CA3DC2500472395 /* Lato-ThinItalic.ttf */,
				5DE024562CA3DC2500472395 /* NotoSansCJKkr-Regular.otf */,
				5DE024572CA3DC2500472395 /* NotoSansCJKkr-Bold.otf */,
				5DE024582CA3DC2500472395 /* Pretendard-SemiBold.otf */,
			);
			path = Font;
			sourceTree = "<group>";
		};
		5DE211192E655BF900E465E8 /* Network */ = {
			isa = PBXGroup;
			children = (
				5DE2114F2E65662400E465E8 /* HTTPRequestProtocol.swift */,
				5DE2115C2E657F0200E465E8 /* HTTPClient.swift */,
				5DE211812E698ABF00E465E8 /* RequestList */,
			);
			path = Network;
			sourceTree = "<group>";
		};
		5DE211722E697C5500E465E8 /* Indicator */ = {
			isa = PBXGroup;
			children = (
				5DE211792E697C7C00E465E8 /* LoadingIndicatorView.swift */,
			);
			path = Indicator;
			sourceTree = "<group>";
		};
		5DE211752E697C6E00E465E8 /* Alert */ = {
			isa = PBXGroup;
			children = (
				5DE2115F2E65809600E465E8 /* WindowAlertHostingView.swift */,
				5DE211622E6583F100E465E8 /* WindowOverlayView.swift */,
			);
			path = Alert;
			sourceTree = "<group>";
		};
		5DE211812E698ABF00E465E8 /* RequestList */ = {
			isa = PBXGroup;
			children = (
				5DE211862E698AE200E465E8 /* HTTPRequestList.swift */,
			);
			path = RequestList;
			sourceTree = "<group>";
		};
		5DE211E52E6FB26A00E465E8 /* DTO */ = {
			isa = PBXGroup;
			children = (
				5DE211E62E6FB27400E465E8 /* YouTubeSearchListDTO.swift */,
				5D7FB74B2E78010900BE9B18 /* YouTubeChannelDTO.swift */,
			);
			path = DTO;
			sourceTree = "<group>";
		};
		5DE211ED2E6FBB8000E465E8 /* Model */ = {
			isa = PBXGroup;
			children = (
				5DE211EE2E6FBB8800E465E8 /* YouTubeVideo.swift */,
				5DE211F32E6FBBC700E465E8 /* YouTubeSearchMapper.swift */,
			);
			path = Model;
			sourceTree = "<group>";
		};
		5DE2125C2E6FC89500E465E8 /* YouTube */ = {
			isa = PBXGroup;
			children = (
				5DE2125E2E6FC8A700E465E8 /* YouTubeListView.swift */,
				5DE212632E6FCAB300E465E8 /* YouTubeListViewModel.swift */,
			);
			path = YouTube;
			sourceTree = "<group>";
		};
/* End PBXGroup section */

/* Begin PBXNativeTarget section */
		5DE024302CA3D79E00472395 /* RockCrabCalendar */ = {
			isa = PBXNativeTarget;
			buildConfigurationList = 5DE024402CA3D7A000472395 /* Build configuration list for PBXNativeTarget "RockCrabCalendar" */;
			buildPhases = (
				5DE0242D2CA3D79E00472395 /* Sources */,
				5DE0242E2CA3D79E00472395 /* Frameworks */,
				5DE0242F2CA3D79E00472395 /* Resources */,
			);
			buildRules = (
			);
			dependencies = (
				5D43243C2E8142B10026E23E /* PBXTargetDependency */,
			);
			name = RockCrabCalendar;
			packageProductDependencies = (
				5D68DCF12E39E8B400A69D92 /* FirebaseAnalytics */,
				5D68DCF32E39E8B400A69D92 /* FirebaseFirestore */,
				5D7FC9BB2E5ED6FB00B5EDCA /* Alamofire */,
				5DDE85F12E7BF02D00643DB5 /* RswiftLibrary */,
			);
			productName = RockTurtleCalendar;
			productReference = 5DE024312CA3D79E00472395 /* RockCrabCalendar.app */;
			productType = "com.apple.product-type.application";
		};
		5DE212132E6FC0F400E465E8 /* RockCrabCalendarUITests */ = {
			isa = PBXNativeTarget;
			buildConfigurationList = 5DE2121C2E6FC0F400E465E8 /* Build configuration list for PBXNativeTarget "RockCrabCalendarUITests" */;
			buildPhases = (
				5DE212102E6FC0F400E465E8 /* Sources */,
				5DE212112E6FC0F400E465E8 /* Frameworks */,
				5DE212122E6FC0F400E465E8 /* Resources */,
			);
			buildRules = (
			);
			dependencies = (
				5DE2121B2E6FC0F400E465E8 /* PBXTargetDependency */,
			);
			name = RockCrabCalendarUITests;
			packageProductDependencies = (
			);
			productName = RockCrabCalendarUITests;
			productReference = 5DE212142E6FC0F400E465E8 /* RockCrabCalendarUITests.xctest */;
			productType = "com.apple.product-type.bundle.ui-testing";
		};
		5DE212232E6FC10B00E465E8 /* RockCrabCalendarUnitTests */ = {
			isa = PBXNativeTarget;
			buildConfigurationList = 5DE2122A2E6FC10B00E465E8 /* Build configuration list for PBXNativeTarget "RockCrabCalendarUnitTests" */;
			buildPhases = (
				5DE212202E6FC10B00E465E8 /* Sources */,
				5DE212212E6FC10B00E465E8 /* Frameworks */,
				5DE212222E6FC10B00E465E8 /* Resources */,
			);
			buildRules = (
			);
			dependencies = (
				5DDE86082E7BF29B00643DB5 /* PBXTargetDependency */,
				5DE212292E6FC10B00E465E8 /* PBXTargetDependency */,
			);
			fileSystemSynchronizedGroups = (
				5DE212252E6FC10B00E465E8 /* RockCrabCalendarUnitTests */,
				5DE212412E6FC1A600E465E8 /* RockCrabCalendarUITests */,
			);
			name = RockCrabCalendarUnitTests;
			packageProductDependencies = (
			);
			productName = RockCrabCalendarUnitTests;
			productReference = 5DE212242E6FC10B00E465E8 /* RockCrabCalendarUnitTests.xctest */;
			productType = "com.apple.product-type.bundle.unit-test";
		};
/* End PBXNativeTarget section */

/* Begin PBXProject section */
		5DE024292CA3D79E00472395 /* Project object */ = {
			isa = PBXProject;
			attributes = {
				BuildIndependentTargetsInParallel = 1;
				LastSwiftUpdateCheck = 1640;
				LastUpgradeCheck = 2600;
				TargetAttributes = {
					5DE024302CA3D79E00472395 = {
						CreatedOnToolsVersion = 15.0;
					};
					5DE212132E6FC0F400E465E8 = {
						CreatedOnToolsVersion = 16.4;
						TestTargetID = 5DE024302CA3D79E00472395;
					};
					5DE212232E6FC10B00E465E8 = {
						CreatedOnToolsVersion = 16.4;
						TestTargetID = 5DE024302CA3D79E00472395;
					};
				};
			};
			buildConfigurationList = 5DE0242C2CA3D79E00472395 /* Build configuration list for PBXProject "RockCrabCalendar" */;
			compatibilityVersion = "Xcode 14.0";
			developmentRegion = en;
			hasScannedForEncodings = 0;
			knownRegions = (
				en,
				Base,
			);
			mainGroup = 5DE024282CA3D79E00472395;
			packageReferences = (
				5DE0246B2CA3DC4A00472395 /* XCRemoteSwiftPackageReference "R" */,
				5D68DCF02E39E8B400A69D92 /* XCRemoteSwiftPackageReference "firebase-ios-sdk" */,
				5D7FC9BA2E5ED6FB00B5EDCA /* XCRemoteSwiftPackageReference "Alamofire" */,
			);
			productRefGroup = 5DE024322CA3D79E00472395 /* Products */;
			projectDirPath = "";
			projectRoot = "";
			targets = (
				5DE024302CA3D79E00472395 /* RockCrabCalendar */,
				5DE212232E6FC10B00E465E8 /* RockCrabCalendarUnitTests */,
				5DE212132E6FC0F400E465E8 /* RockCrabCalendarUITests */,
			);
		};
/* End PBXProject section */

/* Begin PBXResourcesBuildPhase section */
		5DE0242F2CA3D79E00472395 /* Resources */ = {
			isa = PBXResourcesBuildPhase;
			buildActionMask = 2147483647;
			files = (
				5DE024692CA3DC2500472395 /* NotoSansCJKkr-Bold.otf in Resources */,
				5DE0245D2CA3DC2500472395 /* Lato-Black.ttf in Resources */,
				5DE024652CA3DC2500472395 /* Pretendard-Bold.otf in Resources */,
				5DE0243D2CA3D7A000472395 /* Preview Assets.xcassets in Resources */,
				5DE0245C2CA3DC2500472395 /* Lato-Bold.ttf in Resources */,
				5DE024632CA3DC2500472395 /* Pretendard-Medium.otf in Resources */,
				5DE0245F2CA3DC2500472395 /* NotoSans-Bold.otf in Resources */,
				5DE0246A2CA3DC2500472395 /* Pretendard-SemiBold.otf in Resources */,
				5DE024642CA3DC2500472395 /* Lato-BoldItalic.ttf in Resources */,
				5DE024592CA3DC2500472395 /* Lato-Italic.ttf in Resources */,
				5DE0245B2CA3DC2500472395 /* Lato-Thin.ttf in Resources */,
				5DE0245E2CA3DC2500472395 /* Pretendard-Regular.otf in Resources */,
				5DE024392CA3D7A000472395 /* Assets.xcassets in Resources */,
				5DE024622CA3DC2500472395 /* Lato-BlackItalic.ttf in Resources */,
				5DE0245A2CA3DC2500472395 /* Lato-LightItalic.ttf in Resources */,
				5DE024682CA3DC2500472395 /* NotoSansCJKkr-Regular.otf in Resources */,
				5DE024602CA3DC2500472395 /* NotoSansCJKkr-Medium.otf in Resources */,
				5DE024612CA3DC2500472395 /* Lato-Regular.ttf in Resources */,
				5DE024662CA3DC2500472395 /* Lato-Light.ttf in Resources */,
				5DE024672CA3DC2500472395 /* Lato-ThinItalic.ttf in Resources */,
				62FF6C832E3DD90B0060012F /* GoogleService-Info.plist in Resources */,
			);
			runOnlyForDeploymentPostprocessing = 0;
		};
		5DE212122E6FC0F400E465E8 /* Resources */ = {
			isa = PBXResourcesBuildPhase;
			buildActionMask = 2147483647;
			files = (
			);
			runOnlyForDeploymentPostprocessing = 0;
		};
		5DE212222E6FC10B00E465E8 /* Resources */ = {
			isa = PBXResourcesBuildPhase;
			buildActionMask = 2147483647;
			files = (
			);
			runOnlyForDeploymentPostprocessing = 0;
		};
/* End PBXResourcesBuildPhase section */

/* Begin PBXSourcesBuildPhase section */
		5DE0242D2CA3D79E00472395 /* Sources */ = {
			isa = PBXSourcesBuildPhase;
			buildActionMask = 2147483647;
			files = (
				5D5E855C2E30BAD000DB8775 /* CalendarDayCell.swift in Sources */,
				5DE211EF2E6FBB8800E465E8 /* YouTubeVideo.swift in Sources */,
				5D7FC9C02E5ED7A500B5EDCA /* Bundle+Extension.swift in Sources */,
				5D029BDD2CA3F1700090B4D1 /* WindowDelegate.swift in Sources */,
				5D029BDA2CA3E1750090B4D1 /* SwiftUI+Extension.swift in Sources */,
				5D029BD72CA3DE1D0090B4D1 /* RockTurtleCalendarResources.swift in Sources */,
				5DE211F42E6FBBC700E465E8 /* YouTubeSearchMapper.swift in Sources */,
				5D029BD42CA3DD5A0090B4D1 /* SwiftUI+Resources.swift in Sources */,
				5DE2117A2E697C7C00E465E8 /* LoadingIndicatorView.swift in Sources */,
				5D7FB74C2E78010900BE9B18 /* YouTubeChannelDTO.swift in Sources */,
				5DE2115D2E657F0200E465E8 /* HTTPClient.swift in Sources */,
				5DE211632E6583F100E465E8 /* WindowOverlayView.swift in Sources */,
				5DE211532E65666B00E465E8 /* ServerConfig.swift in Sources */,
				5DE212642E6FCAB300E465E8 /* YouTubeListViewModel.swift in Sources */,
				5DE2125F2E6FC8A700E465E8 /* YouTubeListView.swift in Sources */,
				5D8B121E2E8658800014649C /* UserScheduleItem.swift in Sources */,
				5DE211872E698AE200E465E8 /* HTTPRequestList.swift in Sources */,
				5DE211E72E6FB27500E465E8 /* YouTubeSearchListDTO.swift in Sources */,
				5D029BEA2CA3F6CA0090B4D1 /* DateUtil.swift in Sources */,
				5D5E85712E31EEF200DB8775 /* CalendarViewModel.swift in Sources */,
				5D6B4AC02D76BD2800D90C0D /* CalendarView.swift in Sources */,
				5DE211602E65809600E465E8 /* WindowAlertHostingView.swift in Sources */,
				5DE211502E65662400E465E8 /* HTTPRequestProtocol.swift in Sources */,
				5D029BE02CA3F2060090B4D1 /* AppDelegate.swift in Sources */,
				5D5E85802E31F6CE00DB8775 /* ScheduleService.swift in Sources */,
				5D5E852D2E30B9D700DB8775 /* QWERScheduleItem.swift in Sources */,
				5D68DCFE2E39EF5C00A69D92 /* QWERScheduleViewModel.swift in Sources */,
				5D5E85602E30BADF00DB8775 /* CalendarGenerator.swift in Sources */,
				5DF727BE2E83C4230046EC72 /* CategoryFilterSheet.swift in Sources */,
				5D5E862A2E39D6A800DB8775 /* QWERMember.swift in Sources */,
				5DE211EA2E6FBA7800E465E8 /* JSONDecoder+YouTube.swift in Sources */,
				5DE024352CA3D79E00472395 /* RockCrabCalendarApp.swift in Sources */,
				5D8B120C2E86510D0014649C /* ScheduleEditView.swift in Sources */,
			);
			runOnlyForDeploymentPostprocessing = 0;
		};
		5DE212102E6FC0F400E465E8 /* Sources */ = {
			isa = PBXSourcesBuildPhase;
			buildActionMask = 2147483647;
			files = (
			);
			runOnlyForDeploymentPostprocessing = 0;
		};
		5DE212202E6FC10B00E465E8 /* Sources */ = {
			isa = PBXSourcesBuildPhase;
			buildActionMask = 2147483647;
			files = (
				5D8B121D2E8658800014649C /* UserScheduleItem.swift in Sources */,
			);
			runOnlyForDeploymentPostprocessing = 0;
		};
/* End PBXSourcesBuildPhase section */

/* Begin PBXTargetDependency section */
		5D43243C2E8142B10026E23E /* PBXTargetDependency */ = {
			isa = PBXTargetDependency;
			productRef = 5D43243B2E8142B10026E23E /* RswiftGenerateInternalResources */;
		};
		5DDE86082E7BF29B00643DB5 /* PBXTargetDependency */ = {
			isa = PBXTargetDependency;
			productRef = 5DDE86072E7BF29B00643DB5 /* RswiftGenerateInternalResources */;
		};
		5DE2121B2E6FC0F400E465E8 /* PBXTargetDependency */ = {
			isa = PBXTargetDependency;
			target = 5DE024302CA3D79E00472395 /* RockCrabCalendar */;
			targetProxy = 5DE2121A2E6FC0F400E465E8 /* PBXContainerItemProxy */;
		};
		5DE212292E6FC10B00E465E8 /* PBXTargetDependency */ = {
			isa = PBXTargetDependency;
			target = 5DE024302CA3D79E00472395 /* RockCrabCalendar */;
			targetProxy = 5DE212282E6FC10B00E465E8 /* PBXContainerItemProxy */;
		};
/* End PBXTargetDependency section */

/* Begin XCBuildConfiguration section */
		5DE0243E2CA3D7A000472395 /* Debug */ = {
			isa = XCBuildConfiguration;
			baseConfigurationReference = 5D7FC9E02E5EE56D00B5EDCA /* Secrets.xcconfig */;
			buildSettings = {
				ALWAYS_SEARCH_USER_PATHS = NO;
				ASSETCATALOG_COMPILER_GENERATE_SWIFT_ASSET_SYMBOL_EXTENSIONS = YES;
				CLANG_ANALYZER_NONNULL = YES;
				CLANG_ANALYZER_NUMBER_OBJECT_CONVERSION = YES_AGGRESSIVE;
				CLANG_CXX_LANGUAGE_STANDARD = "gnu++20";
				CLANG_ENABLE_MODULES = YES;
				CLANG_ENABLE_OBJC_ARC = YES;
				CLANG_ENABLE_OBJC_WEAK = YES;
				CLANG_WARN_BLOCK_CAPTURE_AUTORELEASING = YES;
				CLANG_WARN_BOOL_CONVERSION = YES;
				CLANG_WARN_COMMA = YES;
				CLANG_WARN_CONSTANT_CONVERSION = YES;
				CLANG_WARN_DEPRECATED_OBJC_IMPLEMENTATIONS = YES;
				CLANG_WARN_DIRECT_OBJC_ISA_USAGE = YES_ERROR;
				CLANG_WARN_DOCUMENTATION_COMMENTS = YES;
				CLANG_WARN_EMPTY_BODY = YES;
				CLANG_WARN_ENUM_CONVERSION = YES;
				CLANG_WARN_INFINITE_RECURSION = YES;
				CLANG_WARN_INT_CONVERSION = YES;
				CLANG_WARN_NON_LITERAL_NULL_CONVERSION = YES;
				CLANG_WARN_OBJC_IMPLICIT_RETAIN_SELF = YES;
				CLANG_WARN_OBJC_LITERAL_CONVERSION = YES;
				CLANG_WARN_OBJC_ROOT_CLASS = YES_ERROR;
				CLANG_WARN_QUOTED_INCLUDE_IN_FRAMEWORK_HEADER = YES;
				CLANG_WARN_RANGE_LOOP_ANALYSIS = YES;
				CLANG_WARN_STRICT_PROTOTYPES = YES;
				CLANG_WARN_SUSPICIOUS_MOVE = YES;
				CLANG_WARN_UNGUARDED_AVAILABILITY = YES_AGGRESSIVE;
				CLANG_WARN_UNREACHABLE_CODE = YES;
				CLANG_WARN__DUPLICATE_METHOD_MATCH = YES;
				COPY_PHASE_STRIP = NO;
				DEAD_CODE_STRIPPING = YES;
				DEBUG_INFORMATION_FORMAT = dwarf;
				DEVELOPMENT_TEAM = 8N7PD4AXR6;
				ENABLE_STRICT_OBJC_MSGSEND = YES;
				ENABLE_TESTABILITY = YES;
				ENABLE_USER_SCRIPT_SANDBOXING = YES;
				GCC_C_LANGUAGE_STANDARD = gnu17;
				GCC_DYNAMIC_NO_PIC = NO;
				GCC_NO_COMMON_BLOCKS = YES;
				GCC_OPTIMIZATION_LEVEL = 0;
				GCC_PREPROCESSOR_DEFINITIONS = (
					"DEBUG=1",
					"$(inherited)",
				);
				GCC_WARN_64_TO_32_BIT_CONVERSION = YES;
				GCC_WARN_ABOUT_RETURN_TYPE = YES_ERROR;
				GCC_WARN_UNDECLARED_SELECTOR = YES;
				GCC_WARN_UNINITIALIZED_AUTOS = YES_AGGRESSIVE;
				GCC_WARN_UNUSED_FUNCTION = YES;
				GCC_WARN_UNUSED_VARIABLE = YES;
				LOCALIZATION_PREFERS_STRING_CATALOGS = YES;
				MTL_ENABLE_DEBUG_INFO = INCLUDE_SOURCE;
				MTL_FAST_MATH = YES;
				ONLY_ACTIVE_ARCH = YES;
				STRING_CATALOG_GENERATE_SYMBOLS = YES;
				SWIFT_ACTIVE_COMPILATION_CONDITIONS = "DEBUG $(inherited)";
				SWIFT_OPTIMIZATION_LEVEL = "-Onone";
			};
			name = Debug;
		};
		5DE0243F2CA3D7A000472395 /* Release */ = {
			isa = XCBuildConfiguration;
			baseConfigurationReference = 5D7FC9E02E5EE56D00B5EDCA /* Secrets.xcconfig */;
			buildSettings = {
				ALWAYS_SEARCH_USER_PATHS = NO;
				ASSETCATALOG_COMPILER_GENERATE_SWIFT_ASSET_SYMBOL_EXTENSIONS = YES;
				CLANG_ANALYZER_NONNULL = YES;
				CLANG_ANALYZER_NUMBER_OBJECT_CONVERSION = YES_AGGRESSIVE;
				CLANG_CXX_LANGUAGE_STANDARD = "gnu++20";
				CLANG_ENABLE_MODULES = YES;
				CLANG_ENABLE_OBJC_ARC = YES;
				CLANG_ENABLE_OBJC_WEAK = YES;
				CLANG_WARN_BLOCK_CAPTURE_AUTORELEASING = YES;
				CLANG_WARN_BOOL_CONVERSION = YES;
				CLANG_WARN_COMMA = YES;
				CLANG_WARN_CONSTANT_CONVERSION = YES;
				CLANG_WARN_DEPRECATED_OBJC_IMPLEMENTATIONS = YES;
				CLANG_WARN_DIRECT_OBJC_ISA_USAGE = YES_ERROR;
				CLANG_WARN_DOCUMENTATION_COMMENTS = YES;
				CLANG_WARN_EMPTY_BODY = YES;
				CLANG_WARN_ENUM_CONVERSION = YES;
				CLANG_WARN_INFINITE_RECURSION = YES;
				CLANG_WARN_INT_CONVERSION = YES;
				CLANG_WARN_NON_LITERAL_NULL_CONVERSION = YES;
				CLANG_WARN_OBJC_IMPLICIT_RETAIN_SELF = YES;
				CLANG_WARN_OBJC_LITERAL_CONVERSION = YES;
				CLANG_WARN_OBJC_ROOT_CLASS = YES_ERROR;
				CLANG_WARN_QUOTED_INCLUDE_IN_FRAMEWORK_HEADER = YES;
				CLANG_WARN_RANGE_LOOP_ANALYSIS = YES;
				CLANG_WARN_STRICT_PROTOTYPES = YES;
				CLANG_WARN_SUSPICIOUS_MOVE = YES;
				CLANG_WARN_UNGUARDED_AVAILABILITY = YES_AGGRESSIVE;
				CLANG_WARN_UNREACHABLE_CODE = YES;
				CLANG_WARN__DUPLICATE_METHOD_MATCH = YES;
				COPY_PHASE_STRIP = NO;
				DEAD_CODE_STRIPPING = YES;
				DEBUG_INFORMATION_FORMAT = "dwarf-with-dsym";
				DEVELOPMENT_TEAM = 8N7PD4AXR6;
				ENABLE_NS_ASSERTIONS = NO;
				ENABLE_STRICT_OBJC_MSGSEND = YES;
				ENABLE_USER_SCRIPT_SANDBOXING = YES;
				GCC_C_LANGUAGE_STANDARD = gnu17;
				GCC_NO_COMMON_BLOCKS = YES;
				GCC_WARN_64_TO_32_BIT_CONVERSION = YES;
				GCC_WARN_ABOUT_RETURN_TYPE = YES_ERROR;
				GCC_WARN_UNDECLARED_SELECTOR = YES;
				GCC_WARN_UNINITIALIZED_AUTOS = YES_AGGRESSIVE;
				GCC_WARN_UNUSED_FUNCTION = YES;
				GCC_WARN_UNUSED_VARIABLE = YES;
				LOCALIZATION_PREFERS_STRING_CATALOGS = YES;
				MTL_ENABLE_DEBUG_INFO = NO;
				MTL_FAST_MATH = YES;
				STRING_CATALOG_GENERATE_SYMBOLS = YES;
				SWIFT_COMPILATION_MODE = wholemodule;
			};
			name = Release;
		};
		5DE024412CA3D7A000472395 /* Debug */ = {
			isa = XCBuildConfiguration;
			buildSettings = {
				ASSETCATALOG_COMPILER_APPICON_NAME = AppIcon;
				ASSETCATALOG_COMPILER_GLOBAL_ACCENT_COLOR_NAME = AccentColor;
				CODE_SIGN_ENTITLEMENTS = RockCrabCalendar/RockTurtleCalendar.entitlements;
				CODE_SIGN_STYLE = Automatic;
				CURRENT_PROJECT_VERSION = 5;
				DEAD_CODE_STRIPPING = YES;
				DEVELOPMENT_ASSET_PATHS = "\"RockCrabCalendar/Preview Content\"";
				DEVELOPMENT_TEAM = 8N7PD4AXR6;
				ENABLE_APP_SANDBOX = YES;
				ENABLE_HARDENED_RUNTIME = YES;
				ENABLE_PREVIEWS = YES;
				ENABLE_USER_SCRIPT_SANDBOXING = YES;
				ENABLE_USER_SELECTED_FILES = readwrite;
				GENERATE_INFOPLIST_FILE = YES;
				INFOPLIST_FILE = RockCrabCalendar/Info.plist;
				INFOPLIST_KEY_CFBundleDisplayName = "바위게캘린더";
				INFOPLIST_KEY_LSApplicationCategoryType = "public.app-category.productivity";
				"INFOPLIST_KEY_UIApplicationSceneManifest_Generation[sdk=iphoneos*]" = YES;
				"INFOPLIST_KEY_UIApplicationSceneManifest_Generation[sdk=iphonesimulator*]" = YES;
				"INFOPLIST_KEY_UIApplicationSupportsIndirectInputEvents[sdk=iphoneos*]" = YES;
				"INFOPLIST_KEY_UIApplicationSupportsIndirectInputEvents[sdk=iphonesimulator*]" = YES;
				"INFOPLIST_KEY_UILaunchScreen_Generation[sdk=iphoneos*]" = YES;
				"INFOPLIST_KEY_UILaunchScreen_Generation[sdk=iphonesimulator*]" = YES;
				INFOPLIST_KEY_UIRequiresFullScreen = YES;
				"INFOPLIST_KEY_UIStatusBarStyle[sdk=iphoneos*]" = UIStatusBarStyleDefault;
				"INFOPLIST_KEY_UIStatusBarStyle[sdk=iphonesimulator*]" = UIStatusBarStyleDefault;
				INFOPLIST_KEY_UISupportedInterfaceOrientations = UIInterfaceOrientationPortrait;
				IPHONEOS_DEPLOYMENT_TARGET = 17.0;
				LD_RUNPATH_SEARCH_PATHS = "@executable_path/Frameworks";
				"LD_RUNPATH_SEARCH_PATHS[sdk=macosx*]" = "@executable_path/../Frameworks";
				MACOSX_DEPLOYMENT_TARGET = 14.0;
				MARKETING_VERSION = 1.0;
				PRODUCT_BUNDLE_IDENTIFIER = ys.RockCrabCalendar;
				PRODUCT_NAME = "$(TARGET_NAME)";
				SDKROOT = auto;
				SUPPORTED_PLATFORMS = "iphoneos iphonesimulator macosx";
				SWIFT_EMIT_LOC_STRINGS = YES;
				SWIFT_VERSION = 5.0;
				TARGETED_DEVICE_FAMILY = "1,2";
			};
			name = Debug;
		};
		5DE024422CA3D7A000472395 /* Release */ = {
			isa = XCBuildConfiguration;
			buildSettings = {
				ASSETCATALOG_COMPILER_APPICON_NAME = AppIcon;
				ASSETCATALOG_COMPILER_GLOBAL_ACCENT_COLOR_NAME = AccentColor;
				CODE_SIGN_ENTITLEMENTS = RockCrabCalendar/RockTurtleCalendar.entitlements;
				CODE_SIGN_STYLE = Automatic;
				CURRENT_PROJECT_VERSION = 5;
				DEAD_CODE_STRIPPING = YES;
				DEVELOPMENT_ASSET_PATHS = "\"RockCrabCalendar/Preview Content\"";
				DEVELOPMENT_TEAM = 8N7PD4AXR6;
				ENABLE_APP_SANDBOX = YES;
				ENABLE_HARDENED_RUNTIME = YES;
				ENABLE_PREVIEWS = YES;
				ENABLE_USER_SCRIPT_SANDBOXING = NO;
				ENABLE_USER_SELECTED_FILES = readwrite;
				GENERATE_INFOPLIST_FILE = YES;
				INFOPLIST_FILE = RockCrabCalendar/Info.plist;
				INFOPLIST_KEY_CFBundleDisplayName = "바위게캘린더";
				INFOPLIST_KEY_LSApplicationCategoryType = "public.app-category.productivity";
				"INFOPLIST_KEY_UIApplicationSceneManifest_Generation[sdk=iphoneos*]" = YES;
				"INFOPLIST_KEY_UIApplicationSceneManifest_Generation[sdk=iphonesimulator*]" = YES;
				"INFOPLIST_KEY_UIApplicationSupportsIndirectInputEvents[sdk=iphoneos*]" = YES;
				"INFOPLIST_KEY_UIApplicationSupportsIndirectInputEvents[sdk=iphonesimulator*]" = YES;
				"INFOPLIST_KEY_UILaunchScreen_Generation[sdk=iphoneos*]" = YES;
				"INFOPLIST_KEY_UILaunchScreen_Generation[sdk=iphonesimulator*]" = YES;
				INFOPLIST_KEY_UIRequiresFullScreen = YES;
				"INFOPLIST_KEY_UIStatusBarStyle[sdk=iphoneos*]" = UIStatusBarStyleDefault;
				"INFOPLIST_KEY_UIStatusBarStyle[sdk=iphonesimulator*]" = UIStatusBarStyleDefault;
				INFOPLIST_KEY_UISupportedInterfaceOrientations = UIInterfaceOrientationPortrait;
				IPHONEOS_DEPLOYMENT_TARGET = 17.0;
				LD_RUNPATH_SEARCH_PATHS = "@executable_path/Frameworks";
				"LD_RUNPATH_SEARCH_PATHS[sdk=macosx*]" = "@executable_path/../Frameworks";
				MACOSX_DEPLOYMENT_TARGET = 14.0;
				MARKETING_VERSION = 1.0;
				PRODUCT_BUNDLE_IDENTIFIER = ys.RockCrabCalendar;
				PRODUCT_NAME = "$(TARGET_NAME)";
				SDKROOT = auto;
				SUPPORTED_PLATFORMS = "iphoneos iphonesimulator macosx";
				SWIFT_EMIT_LOC_STRINGS = YES;
				SWIFT_VERSION = 5.0;
				TARGETED_DEVICE_FAMILY = "1,2";
			};
			name = Release;
		};
		5DE2121D2E6FC0F400E465E8 /* Debug */ = {
			isa = XCBuildConfiguration;
			buildSettings = {
				CODE_SIGN_STYLE = Automatic;
				CURRENT_PROJECT_VERSION = 1;
				DEVELOPMENT_TEAM = 8N7PD4AXR6;
				GENERATE_INFOPLIST_FILE = YES;
				IPHONEOS_DEPLOYMENT_TARGET = 17.6;
				MARKETING_VERSION = 1.0;
				PRODUCT_BUNDLE_IDENTIFIER = ys.RockCrabCalendarUITests;
				PRODUCT_NAME = "$(TARGET_NAME)";
				SDKROOT = iphoneos;
				SWIFT_EMIT_LOC_STRINGS = NO;
				SWIFT_VERSION = 5.0;
				TARGETED_DEVICE_FAMILY = "1,2";
				TEST_TARGET_NAME = RockCrabCalendar;
			};
			name = Debug;
		};
		5DE2121E2E6FC0F400E465E8 /* Release */ = {
			isa = XCBuildConfiguration;
			buildSettings = {
				CODE_SIGN_STYLE = Automatic;
				CURRENT_PROJECT_VERSION = 1;
				DEVELOPMENT_TEAM = 8N7PD4AXR6;
				GENERATE_INFOPLIST_FILE = YES;
				IPHONEOS_DEPLOYMENT_TARGET = 17.6;
				MARKETING_VERSION = 1.0;
				PRODUCT_BUNDLE_IDENTIFIER = ys.RockCrabCalendarUITests;
				PRODUCT_NAME = "$(TARGET_NAME)";
				SDKROOT = iphoneos;
				SWIFT_EMIT_LOC_STRINGS = NO;
				SWIFT_VERSION = 5.0;
				TARGETED_DEVICE_FAMILY = "1,2";
				TEST_TARGET_NAME = RockCrabCalendar;
				VALIDATE_PRODUCT = YES;
			};
			name = Release;
		};
		5DE2122B2E6FC10B00E465E8 /* Debug */ = {
			isa = XCBuildConfiguration;
			buildSettings = {
				BUNDLE_LOADER = "$(TEST_HOST)";
				CODE_SIGN_STYLE = Automatic;
				CURRENT_PROJECT_VERSION = 1;
				DEVELOPMENT_TEAM = 8N7PD4AXR6;
				GENERATE_INFOPLIST_FILE = YES;
				IPHONEOS_DEPLOYMENT_TARGET = 17.6;
				MARKETING_VERSION = 1.0;
				PRODUCT_BUNDLE_IDENTIFIER = ys.RockCrabCalendarUnitTests;
				PRODUCT_NAME = "$(TARGET_NAME)";
				SDKROOT = iphoneos;
				SWIFT_EMIT_LOC_STRINGS = NO;
				SWIFT_VERSION = 5.0;
				TARGETED_DEVICE_FAMILY = "1,2";
				TEST_HOST = "$(BUILT_PRODUCTS_DIR)/RockCrabCalendar.app/$(BUNDLE_EXECUTABLE_FOLDER_PATH)/RockCrabCalendar";
			};
			name = Debug;
		};
		5DE2122C2E6FC10B00E465E8 /* Release */ = {
			isa = XCBuildConfiguration;
			buildSettings = {
				BUNDLE_LOADER = "$(TEST_HOST)";
				CODE_SIGN_STYLE = Automatic;
				CURRENT_PROJECT_VERSION = 1;
				DEVELOPMENT_TEAM = 8N7PD4AXR6;
				GENERATE_INFOPLIST_FILE = YES;
				IPHONEOS_DEPLOYMENT_TARGET = 17.6;
				MARKETING_VERSION = 1.0;
				PRODUCT_BUNDLE_IDENTIFIER = ys.RockCrabCalendarUnitTests;
				PRODUCT_NAME = "$(TARGET_NAME)";
				SDKROOT = iphoneos;
				SWIFT_EMIT_LOC_STRINGS = NO;
				SWIFT_VERSION = 5.0;
				TARGETED_DEVICE_FAMILY = "1,2";
				TEST_HOST = "$(BUILT_PRODUCTS_DIR)/RockCrabCalendar.app/$(BUNDLE_EXECUTABLE_FOLDER_PATH)/RockCrabCalendar";
				VALIDATE_PRODUCT = YES;
			};
			name = Release;
		};
/* End XCBuildConfiguration section */

/* Begin XCConfigurationList section */
		5DE0242C2CA3D79E00472395 /* Build configuration list for PBXProject "RockCrabCalendar" */ = {
			isa = XCConfigurationList;
			buildConfigurations = (
				5DE0243E2CA3D7A000472395 /* Debug */,
				5DE0243F2CA3D7A000472395 /* Release */,
			);
			defaultConfigurationIsVisible = 0;
			defaultConfigurationName = Release;
		};
		5DE024402CA3D7A000472395 /* Build configuration list for PBXNativeTarget "RockCrabCalendar" */ = {
			isa = XCConfigurationList;
			buildConfigurations = (
				5DE024412CA3D7A000472395 /* Debug */,
				5DE024422CA3D7A000472395 /* Release */,
			);
			defaultConfigurationIsVisible = 0;
			defaultConfigurationName = Release;
		};
		5DE2121C2E6FC0F400E465E8 /* Build configuration list for PBXNativeTarget "RockCrabCalendarUITests" */ = {
			isa = XCConfigurationList;
			buildConfigurations = (
				5DE2121D2E6FC0F400E465E8 /* Debug */,
				5DE2121E2E6FC0F400E465E8 /* Release */,
			);
			defaultConfigurationIsVisible = 0;
			defaultConfigurationName = Release;
		};
		5DE2122A2E6FC10B00E465E8 /* Build configuration list for PBXNativeTarget "RockCrabCalendarUnitTests" */ = {
			isa = XCConfigurationList;
			buildConfigurations = (
				5DE2122B2E6FC10B00E465E8 /* Debug */,
				5DE2122C2E6FC10B00E465E8 /* Release */,
			);
			defaultConfigurationIsVisible = 0;
			defaultConfigurationName = Release;
		};
/* End XCConfigurationList section */

/* Begin XCRemoteSwiftPackageReference section */
		5D68DCF02E39E8B400A69D92 /* XCRemoteSwiftPackageReference "firebase-ios-sdk" */ = {
			isa = XCRemoteSwiftPackageReference;
			repositoryURL = "https://github.com/firebase/firebase-ios-sdk";
			requirement = {
				kind = upToNextMajorVersion;
				minimumVersion = 12.0.0;
			};
		};
		5D7FC9BA2E5ED6FB00B5EDCA /* XCRemoteSwiftPackageReference "Alamofire" */ = {
			isa = XCRemoteSwiftPackageReference;
			repositoryURL = "https://github.com/Alamofire/Alamofire";
			requirement = {
				kind = upToNextMajorVersion;
				minimumVersion = 5.10.2;
			};
		};
		5DE0246B2CA3DC4A00472395 /* XCRemoteSwiftPackageReference "R" */ = {
			isa = XCRemoteSwiftPackageReference;
			repositoryURL = "https://github.com/mac-cain13/R.swift";
			requirement = {
				kind = upToNextMajorVersion;
				minimumVersion = 7.6.1;
			};
		};
/* End XCRemoteSwiftPackageReference section */

/* Begin XCSwiftPackageProductDependency section */
		5D43243B2E8142B10026E23E /* RswiftGenerateInternalResources */ = {
			isa = XCSwiftPackageProductDependency;
			package = 5DE0246B2CA3DC4A00472395 /* XCRemoteSwiftPackageReference "R" */;
			productName = "plugin:RswiftGenerateInternalResources";
		};
		5D68DCF12E39E8B400A69D92 /* FirebaseAnalytics */ = {
			isa = XCSwiftPackageProductDependency;
			package = 5D68DCF02E39E8B400A69D92 /* XCRemoteSwiftPackageReference "firebase-ios-sdk" */;
			productName = FirebaseAnalytics;
		};
		5D68DCF32E39E8B400A69D92 /* FirebaseFirestore */ = {
			isa = XCSwiftPackageProductDependency;
			package = 5D68DCF02E39E8B400A69D92 /* XCRemoteSwiftPackageReference "firebase-ios-sdk" */;
			productName = FirebaseFirestore;
		};
		5D7FC9BB2E5ED6FB00B5EDCA /* Alamofire */ = {
			isa = XCSwiftPackageProductDependency;
			package = 5D7FC9BA2E5ED6FB00B5EDCA /* XCRemoteSwiftPackageReference "Alamofire" */;
			productName = Alamofire;
		};
		5DDE85F12E7BF02D00643DB5 /* RswiftLibrary */ = {
			isa = XCSwiftPackageProductDependency;
			package = 5DE0246B2CA3DC4A00472395 /* XCRemoteSwiftPackageReference "R" */;
			productName = RswiftLibrary;
		};
		5DDE86072E7BF29B00643DB5 /* RswiftGenerateInternalResources */ = {
			isa = XCSwiftPackageProductDependency;
			productName = "plugin:RswiftGenerateInternalResources";
		};
/* End XCSwiftPackageProductDependency section */
	};
	rootObject = 5DE024292CA3D79E00472395 /* Project object */;
}
